
Microsoft Visual Studio Solution File, Format Version 12.00
# Visual Studio Version 17
VisualStudioVersion = 17.8.34525.116
MinimumVisualStudioVersion = 10.0.40219.1
Project("{FAE04EC0-301F-11D3-BF4B-00C04F79EFBC}") = "Practice", "Practice\Practice.csproj", "{1D8F1044-10C5-455D-8FC7-12483763ADAE}"
EndProject
Global
	GlobalSection(SolutionConfigurationPlatforms) = preSolution
		Debug|Any CPU = Debug|Any CPU
		Release|Any CPU = Release|Any CPU
	EndGlobalSection
	GlobalSection(ProjectConfigurationPlatforms) = postSolution
		{1D8F1044-10C5-455D-8FC7-12483763ADAE}.Debug|Any CPU.ActiveCfg = Debug|Any CPU
		{1D8F1044-10C5-455D-8FC7-12483763ADAE}.Debug|Any CPU.Build.0 = Debug|Any CPU
		{1D8F1044-10C5-455D-8FC7-12483763ADAE}.Release|Any CPU.ActiveCfg = Release|Any CPU
		{1D8F1044-10C5-455D-8FC7-12483763ADAE}.Release|Any CPU.Build.0 = Release|Any CPU
	EndGlobalSection
	GlobalSection(SolutionProperties) = preSolution
		HideSolutionNode = FALSE
	EndGlobalSection
	GlobalSection(ExtensibilityGlobals) = postSolution
		SolutionGuid = {892683C4-2E03-4C28-A66F-952062323F9B}
	EndGlobalSection
EndGlobal
